
Microsoft Visual Studio Solution File, Format Version 12.00
# Visual Studio Version 16
VisualStudioVersion = 16.0.31112.23
MinimumVisualStudioVersion = 10.0.40219.1
Project("{FAE04EC0-301F-11D3-BF4B-00C04F79EFBC}") = "ShopShakirov", "ShopShakirov\ShopShakirov.csproj", "{981D4139-F6E2-4046-B9CD-ECB9E800B3CD}"
EndProject
Global
	GlobalSection(SolutionConfigurationPlatforms) = preSolution
		Debug|Any CPU = Debug|Any CPU
		Release|Any CPU = Release|Any CPU
	EndGlobalSection
	GlobalSection(ProjectConfigurationPlatforms) = postSolution
		{981D4139-F6E2-4046-B9CD-ECB9E800B3CD}.Debug|Any CPU.ActiveCfg = Debug|Any CPU
		{981D4139-F6E2-4046-B9CD-ECB9E800B3CD}.Debug|Any CPU.Build.0 = Debug|Any CPU
		{981D4139-F6E2-4046-B9CD-ECB9E800B3CD}.Release|Any CPU.ActiveCfg = Release|Any CPU
		{981D4139-F6E2-4046-B9CD-ECB9E800B3CD}.Release|Any CPU.Build.0 = Release|Any CPU
	EndGlobalSection
	GlobalSection(SolutionProperties) = preSolution
		HideSolutionNode = FALSE
	EndGlobalSection
	GlobalSection(ExtensibilityGlobals) = postSolution
		SolutionGuid = {3D0CCCE8-C299-470D-B0F9-A1C818891E68}
	EndGlobalSection
EndGlobal
